
Microsoft Visual Studio Solution File, Format Version 12.00
# Visual Studio 15
VisualStudioVersion = 15.0.28307.852
MinimumVisualStudioVersion = 10.0.40219.1
Project("{FAE04EC0-301F-11D3-BF4B-00C04F79EFBC}") = "EShopWebMVCNetCore", "EShopWebMVCNetCore\EShopWebMVCNetCore.csproj", "{E2266789-BAB4-4BFD-AB7B-A6F278FD2689}"
EndProject
Global
	GlobalSection(SolutionConfigurationPlatforms) = preSolution
		Debug|Any CPU = Debug|Any CPU
		Release|Any CPU = Release|Any CPU
	EndGlobalSection
	GlobalSection(ProjectConfigurationPlatforms) = postSolution
		{E2266789-BAB4-4BFD-AB7B-A6F278FD2689}.Debug|Any CPU.ActiveCfg = Debug|Any CPU
		{E2266789-BAB4-4BFD-AB7B-A6F278FD2689}.Debug|Any CPU.Build.0 = Debug|Any CPU
		{E2266789-BAB4-4BFD-AB7B-A6F278FD2689}.Release|Any CPU.ActiveCfg = Release|Any CPU
		{E2266789-BAB4-4BFD-AB7B-A6F278FD2689}.Release|Any CPU.Build.0 = Release|Any CPU
	EndGlobalSection
	GlobalSection(SolutionProperties) = preSolution
		HideSolutionNode = FALSE
	EndGlobalSection
	GlobalSection(ExtensibilityGlobals) = postSolution
		SolutionGuid = {946651F9-7940-48A3-89B7-9F37D9C6B425}
	EndGlobalSection
EndGlobal
